
Microsoft Visual Studio Solution File, Format Version 12.00
# Visual Studio Version 17
VisualStudioVersion = 17.5.33530.505
MinimumVisualStudioVersion = 10.0.40219.1
Project("{D2ABAB84-BF74-430A-B69E-9DC6D40DDA17}") = "kids", "kids\kids.dwproj", "{84749CE5-AB4F-4665-ADC7-03630BB43D60}"
EndProject
Global
	GlobalSection(SolutionConfigurationPlatforms) = preSolution
		Development|Default = Development|Default
	EndGlobalSection
	GlobalSection(ProjectConfigurationPlatforms) = postSolution
		{84749CE5-AB4F-4665-ADC7-03630BB43D60}.Development|Default.ActiveCfg = Development
		{84749CE5-AB4F-4665-ADC7-03630BB43D60}.Development|Default.Build.0 = Development
		{84749CE5-AB4F-4665-ADC7-03630BB43D60}.Development|Default.Deploy.0 = Development
	EndGlobalSection
	GlobalSection(SolutionProperties) = preSolution
		HideSolutionNode = FALSE
	EndGlobalSection
	GlobalSection(ExtensibilityGlobals) = postSolution
		SolutionGuid = {CED8DAD0-B931-437B-9F68-4C9C4FC5BDB3}
	EndGlobalSection
EndGlobal
