
Microsoft Visual Studio Solution File, Format Version 12.00
# Visual Studio Version 17
VisualStudioVersion = 17.5.33530.505
MinimumVisualStudioVersion = 10.0.40219.1
Project("{D2ABAB84-BF74-430A-B69E-9DC6D40DDA17}") = "MultidimensionalProject1", "MultidimensionalProject1\MultidimensionalProject1.dwproj", "{B3CD7189-837E-4859-9BBB-AE0B0D356AB1}"
EndProject
Global
	GlobalSection(SolutionConfigurationPlatforms) = preSolution
		Development|Default = Development|Default
	EndGlobalSection
	GlobalSection(ProjectConfigurationPlatforms) = postSolution
		{B3CD7189-837E-4859-9BBB-AE0B0D356AB1}.Development|Default.ActiveCfg = Development
		{B3CD7189-837E-4859-9BBB-AE0B0D356AB1}.Development|Default.Build.0 = Development
		{B3CD7189-837E-4859-9BBB-AE0B0D356AB1}.Development|Default.Deploy.0 = Development
	EndGlobalSection
	GlobalSection(SolutionProperties) = preSolution
		HideSolutionNode = FALSE
	EndGlobalSection
	GlobalSection(ExtensibilityGlobals) = postSolution
		SolutionGuid = {2B1C3A75-53BA-456F-9E7D-8F106CFAB437}
	EndGlobalSection
EndGlobal
