
Microsoft Visual Studio Solution File, Format Version 12.00
# Visual Studio Version 17
VisualStudioVersion = 17.5.33530.505
MinimumVisualStudioVersion = 10.0.40219.1
Project("{C9674DCB-5085-4A16-B785-4C70DD1589BD}") = "warehoise", "warehoise\warehoise.dtproj", "{30F270D2-071B-47AE-91B5-4CF384FAED32}"
EndProject
Global
	GlobalSection(SolutionConfigurationPlatforms) = preSolution
		Development|Default = Development|Default
	EndGlobalSection
	GlobalSection(ProjectConfigurationPlatforms) = postSolution
		{30F270D2-071B-47AE-91B5-4CF384FAED32}.Development|Default.ActiveCfg = Development
		{30F270D2-071B-47AE-91B5-4CF384FAED32}.Development|Default.Build.0 = Development
	EndGlobalSection
	GlobalSection(SolutionProperties) = preSolution
		HideSolutionNode = FALSE
	EndGlobalSection
	GlobalSection(ExtensibilityGlobals) = postSolution
		SolutionGuid = {1F567594-237C-466D-AAE9-969B77600295}
	EndGlobalSection
EndGlobal
